
Microsoft Visual Studio Solution File, Format Version 12.00
# Visual Studio Version 16
VisualStudioVersion = 16.0.29613.14
MinimumVisualStudioVersion = 10.0.40219.1
Project("{FAE04EC0-301F-11D3-BF4B-00C04F79EFBC}") = "Safary", "Safary.csproj", "{80BE6341-5DF9-4595-815A-68AB74D2F49B}"
EndProject
Global
	GlobalSection(SolutionConfigurationPlatforms) = preSolution
		Debug|Any CPU = Debug|Any CPU
		Release|Any CPU = Release|Any CPU
	EndGlobalSection
	GlobalSection(ProjectConfigurationPlatforms) = postSolution
		{80BE6341-5DF9-4595-815A-68AB74D2F49B}.Debug|Any CPU.ActiveCfg = Debug|Any CPU
		{80BE6341-5DF9-4595-815A-68AB74D2F49B}.Debug|Any CPU.Build.0 = Debug|Any CPU
		{80BE6341-5DF9-4595-815A-68AB74D2F49B}.Release|Any CPU.ActiveCfg = Release|Any CPU
		{80BE6341-5DF9-4595-815A-68AB74D2F49B}.Release|Any CPU.Build.0 = Release|Any CPU
	EndGlobalSection
	GlobalSection(SolutionProperties) = preSolution
		HideSolutionNode = FALSE
	EndGlobalSection
	GlobalSection(ExtensibilityGlobals) = postSolution
		SolutionGuid = {A40283AD-E29F-4190-993F-96D2D8B536D7}
	EndGlobalSection
EndGlobal
